# THIS IS AN AUTOGENERATED FILE. DO NOT EDIT THIS FILE DIRECTLY.
# yarn lockfile v1


"@types/prop-types@*":
  version "15.5.9"
  resolved "http://registry.npm.taobao.org/@types/prop-types/download/@types/prop-types-15.5.9.tgz#f2d14df87b0739041bc53a7d75e3d77d726a3ec0"
  integrity sha1-8tFN+HsHOQQbxTp9dePXfXJqPsA=

"@types/react-dom@^16.8.0":
  version "16.8.1"
  resolved "http://registry.npm.taobao.org/@types/react-dom/download/@types/react-dom-16.8.1.tgz#e43810a5e44b37854a9c7cd99e6c43e4f522c7c6"
  integrity sha1-5DgQpeRLN4VKnHzZnmxD5PUix8Y=
  dependencies:
    "@types/react" "*"

"@types/react@*", "@types/react@^16.8.2":
  version "16.8.3"
  resolved "http://registry.npm.taobao.org/@types/react/download/@types/react-16.8.3.tgz#7b67956f682bea30a5a09b3242c0784ff196c848"
  integrity sha1-e2eVb2gr6jCloJsyQsB4T/GWyEg=
  dependencies:
    "@types/prop-types" "*"
    csstype "^2.2.0"

csstype@^2.2.0:
  version "2.6.2"
  resolved "http://registry.npm.taobao.org/csstype/download/csstype-2.6.2.tgz#3043d5e065454579afc7478a18de41909c8a2f01"
  integrity sha1-MEPV4GVFRXmvx0eKGN5BkJyKLwE=

fast-deep-equal@^2.0.1:
  version "2.0.1"
  resolved "http://registry.npm.taobao.org/fast-deep-equal/download/fast-deep-equal-2.0.1.tgz#7b05218ddf9667bf7f370bf7fdb2cb15fdd0aa49"
  integrity sha1-ewUhjd+WZ79/Nwv3/bLLFf3Qqkk=

iant@0.0.1-alpha4:
  version "0.0.1-alpha4"
  resolved "http://registry.npm.taobao.org/iant/download/iant-0.0.1-alpha4.tgz#01faeb9b61722b9a95229a2a2c86b3b9922c2d1c"
  integrity sha1-Afrrm2FyK5qVIpoqLIazuZIsLRw=
  dependencies:
    fast-deep-equal "^2.0.1"
    immer "^1.10.4"

immer@^1.10.4:
  version "1.12.1"
  resolved "http://registry.npm.taobao.org/immer/download/immer-1.12.1.tgz#40c6e5b292c00560836c2993bda3a24379d466f5"
  integrity sha1-QMblspLABWCDbCmTvaOiQ3nUZvU=

"js-tokens@^3.0.0 || ^4.0.0":
  version "4.0.0"
  resolved "http://registry.npm.taobao.org/js-tokens/download/js-tokens-4.0.0.tgz#19203fb59991df98e3a287050d4647cdeaf32499"
  integrity sha1-GSA/tZmR35jjoocFDUZHzerzJJk=

loose-envify@^1.1.0, loose-envify@^1.4.0:
  version "1.4.0"
  resolved "http://registry.npm.taobao.org/loose-envify/download/loose-envify-1.4.0.tgz#71ee51fa7be4caec1a63839f7e682d8132d30caf"
  integrity sha1-ce5R+nvkyuwaY4OffmgtgTLTDK8=
  dependencies:
    js-tokens "^3.0.0 || ^4.0.0"

object-assign@^4.1.1:
  version "4.1.1"
  resolved "http://registry.npm.taobao.org/object-assign/download/object-assign-4.1.1.tgz#2109adc7965887cfc05cbbd442cac8bfbb360863"
  integrity sha1-IQmtx5ZYh8/AXLvUQsrIv7s2CGM=

prop-types@^15.6.2:
  version "15.7.2"
  resolved "http://registry.npm.taobao.org/prop-types/download/prop-types-15.7.2.tgz#52c41e75b8c87e72b9d9360e0206b99dcbffa6c5"
  integrity sha1-UsQedbjIfnK52TYOAga5ncv/psU=
  dependencies:
    loose-envify "^1.4.0"
    object-assign "^4.1.1"
    react-is "^16.8.1"

react-dom@^16.8.1:
  version "16.8.1"
  resolved "http://registry.npm.taobao.org/react-dom/download/react-dom-16.8.1.tgz#ec860f98853d09d39bafd3a6f1e12389d283dbb4"
  integrity sha1-7IYPmIU9CdObr9Om8eEjidKD27Q=
  dependencies:
    loose-envify "^1.1.0"
    object-assign "^4.1.1"
    prop-types "^15.6.2"
    scheduler "^0.13.1"

react-is@^16.8.1:
  version "16.8.1"
  resolved "http://registry.npm.taobao.org/react-is/download/react-is-16.8.1.tgz#a80141e246eb894824fb4f2901c0c50ef31d4cdb"
  integrity sha1-qAFB4kbriUgk+08pAcDFDvMdTNs=

react@^16.8.1:
  version "16.8.1"
  resolved "http://registry.npm.taobao.org/react/download/react-16.8.1.tgz#ae11831f6cb2a05d58603a976afc8a558e852c4a"
  integrity sha1-rhGDH2yyoF1YYDqXavyKVY6FLEo=
  dependencies:
    loose-envify "^1.1.0"
    object-assign "^4.1.1"
    prop-types "^15.6.2"
    scheduler "^0.13.1"

scheduler@^0.13.1:
  version "0.13.1"
  resolved "http://registry.npm.taobao.org/scheduler/download/scheduler-0.13.1.tgz#1a217df1bfaabaf4f1b92a9127d5d732d85a9591"
  integrity sha1-GiF98b+quvTxuSqRJ9XXMthalZE=
  dependencies:
    loose-envify "^1.1.0"
    object-assign "^4.1.1"
