# THIS IS AN AUTOGENERATED FILE. DO NOT EDIT THIS FILE DIRECTLY.
# yarn lockfile v1


"@types/prop-types@*":
  version "15.5.8"
  resolved "http://registry.npm.taobao.org/@types/prop-types/download/@types/prop-types-15.5.8.tgz#8ae4e0ea205fe95c3901a5a1df7f66495e3a56ce"
  integrity sha1-iuTg6iBf6Vw5AaWh339mSV46Vs4=

"@types/react-dom@^16.8.0":
  version "16.8.0"
  resolved "http://registry.npm.taobao.org/@types/react-dom/download/@types/react-dom-16.8.0.tgz#c565f43f9d2ec911f9e0b8f3b74e25e67879aa3f"
  integrity sha1-xWX0P50uyRH54Ljzt04l5nh5qj8=
  dependencies:
    "@types/react" "*"

"@types/react@*":
  version "16.7.22"
  resolved "http://registry.npm.taobao.org/@types/react/download/@types/react-16.7.22.tgz#5bc6d166d5ac34b835756f0b736c7b1af0043e81"
  integrity sha1-W8bRZtWsNLg1dW8Lc2x7GvAEPoE=
  dependencies:
    "@types/prop-types" "*"
    csstype "^2.2.0"

"@types/react@^16.8.2":
  version "16.8.2"
  resolved "http://registry.npm.taobao.org/@types/react/download/@types/react-16.8.2.tgz#3b7a7f7ea89d1c7d68b00849fb5de839011c077b"
  integrity sha1-O3p/fqidHH1osAhJ+13oOQEcB3s=
  dependencies:
    "@types/prop-types" "*"
    csstype "^2.2.0"

csstype@^2.2.0:
  version "2.6.1"
  resolved "http://registry.npm.taobao.org/csstype/download/csstype-2.6.1.tgz#4cfbf637a577497036ebcd7e32647ef19a0b8076"
  integrity sha1-TPv2N6V3SXA2681+MmR+8ZoLgHY=

fast-deep-equal@^2.0.1:
  version "2.0.1"
  resolved "http://registry.npm.taobao.org/fast-deep-equal/download/fast-deep-equal-2.0.1.tgz#7b05218ddf9667bf7f370bf7fdb2cb15fdd0aa49"
  integrity sha1-ewUhjd+WZ79/Nwv3/bLLFf3Qqkk=

iant@^0.0.1-alpha6:
  version "0.0.1-alpha6"
  resolved "http://registry.npm.taobao.org/iant/download/iant-0.0.1-alpha6.tgz#70f4b9221cf80af9c7b697b034395f1ada724a21"
  integrity sha1-cPS5Ihz4CvnHtpewNDlfGtpySiE=
  dependencies:
    fast-deep-equal "^2.0.1"
    immer "^1.10.4"
    mitt "^1.1.3"

immer@^1.10.4:
  version "1.12.1"
  resolved "http://registry.npm.taobao.org/immer/download/immer-1.12.1.tgz#40c6e5b292c00560836c2993bda3a24379d466f5"
  integrity sha1-QMblspLABWCDbCmTvaOiQ3nUZvU=

"js-tokens@^3.0.0 || ^4.0.0":
  version "4.0.0"
  resolved "http://registry.npm.taobao.org/js-tokens/download/js-tokens-4.0.0.tgz#19203fb59991df98e3a287050d4647cdeaf32499"
  integrity sha1-GSA/tZmR35jjoocFDUZHzerzJJk=

loose-envify@^1.1.0, loose-envify@^1.3.1:
  version "1.4.0"
  resolved "http://registry.npm.taobao.org/loose-envify/download/loose-envify-1.4.0.tgz#71ee51fa7be4caec1a63839f7e682d8132d30caf"
  integrity sha1-ce5R+nvkyuwaY4OffmgtgTLTDK8=
  dependencies:
    js-tokens "^3.0.0 || ^4.0.0"

mitt@^1.1.3:
  version "1.1.3"
  resolved "http://registry.npm.taobao.org/mitt/download/mitt-1.1.3.tgz#528c506238a05dce11cd914a741ea2cc332da9b8"
  integrity sha1-UoxQYjigXc4RzZFKdB6izDMtqbg=

object-assign@^4.1.1:
  version "4.1.1"
  resolved "http://registry.npm.taobao.org/object-assign/download/object-assign-4.1.1.tgz#2109adc7965887cfc05cbbd442cac8bfbb360863"
  integrity sha1-IQmtx5ZYh8/AXLvUQsrIv7s2CGM=

prop-types@^15.6.2:
  version "15.6.2"
  resolved "http://registry.npm.taobao.org/prop-types/download/prop-types-15.6.2.tgz#05d5ca77b4453e985d60fc7ff8c859094a497102"
  integrity sha1-BdXKd7RFPphdYPx/+MhZCUpJcQI=
  dependencies:
    loose-envify "^1.3.1"
    object-assign "^4.1.1"

react-dom@^16.8.1:
  version "16.8.1"
  resolved "http://registry.npm.taobao.org/react-dom/download/react-dom-16.8.1.tgz#ec860f98853d09d39bafd3a6f1e12389d283dbb4"
  integrity sha1-7IYPmIU9CdObr9Om8eEjidKD27Q=
  dependencies:
    loose-envify "^1.1.0"
    object-assign "^4.1.1"
    prop-types "^15.6.2"
    scheduler "^0.13.1"

react@^16.8.1:
  version "16.8.1"
  resolved "http://registry.npm.taobao.org/react/download/react-16.8.1.tgz#ae11831f6cb2a05d58603a976afc8a558e852c4a"
  integrity sha1-rhGDH2yyoF1YYDqXavyKVY6FLEo=
  dependencies:
    loose-envify "^1.1.0"
    object-assign "^4.1.1"
    prop-types "^15.6.2"
    scheduler "^0.13.1"

scheduler@^0.13.1:
  version "0.13.1"
  resolved "http://registry.npm.taobao.org/scheduler/download/scheduler-0.13.1.tgz#1a217df1bfaabaf4f1b92a9127d5d732d85a9591"
  integrity sha1-GiF98b+quvTxuSqRJ9XXMthalZE=
  dependencies:
    loose-envify "^1.1.0"
    object-assign "^4.1.1"
